
Microsoft Visual Studio Solution File, Format Version 12.00
# Visual Studio Version 17
VisualStudioVersion = 17.4.33213.308
MinimumVisualStudioVersion = 10.0.40219.1
Project("{FAE04EC0-301F-11D3-BF4B-00C04F79EFBC}") = "YurtYonetimSistemi", "YurtYonetimSistemi\YurtYonetimSistemi.csproj", "{AC9927A2-9FD7-445F-AD01-C6D6294F8FBA}"
EndProject
Global
	GlobalSection(SolutionConfigurationPlatforms) = preSolution
		Debug|Any CPU = Debug|Any CPU
		Release|Any CPU = Release|Any CPU
	EndGlobalSection
	GlobalSection(ProjectConfigurationPlatforms) = postSolution
		{AC9927A2-9FD7-445F-AD01-C6D6294F8FBA}.Debug|Any CPU.ActiveCfg = Debug|Any CPU
		{AC9927A2-9FD7-445F-AD01-C6D6294F8FBA}.Debug|Any CPU.Build.0 = Debug|Any CPU
		{AC9927A2-9FD7-445F-AD01-C6D6294F8FBA}.Release|Any CPU.ActiveCfg = Release|Any CPU
		{AC9927A2-9FD7-445F-AD01-C6D6294F8FBA}.Release|Any CPU.Build.0 = Release|Any CPU
	EndGlobalSection
	GlobalSection(SolutionProperties) = preSolution
		HideSolutionNode = FALSE
	EndGlobalSection
	GlobalSection(ExtensibilityGlobals) = postSolution
		SolutionGuid = {29C55841-C4CD-4303-9F98-0406463E38EE}
	EndGlobalSection
EndGlobal
